{
  "name": "Event Record",
  "lockfileVersion": 2,
  "requires": true,
  "packages": {
    "": {
      "dependencies": {
        "@guoqzuo/vue-chart": "^0.1.6",
        "echarts": "^5.4.3"
      }
    },
    "node_modules/@babel/parser": {
      "version": "7.22.11",
      "resolved": "https://registry.npmjs.org/@babel/parser/-/parser-7.22.11.tgz",
      "integrity": "sha512-R5zb8eJIBPJriQtbH/htEQy4k7E2dHWlD2Y2VT07JCzwYZHBxV5ZYtM0UhXSNMT74LyxuM+b1jdL7pSesXbC/g==",
      "bin": {
        "parser": "bin/babel-parser.js"
      },
      "engines": {
        "node": ">=6.0.0"
      }
    },
    "node_modules/@guoqzuo/vue-chart": {
      "version": "0.1.6",
      "resolved": "https://registry.npmjs.org/@guoqzuo/vue-chart/-/vue-chart-0.1.6.tgz",
      "integrity": "sha512-9OzjuSz/sZB226x8GweaLgueExLBf2cNVUaryPnh/Gr3U47ClUH17ygKvKPF6QKxV+RLUIAR5FalvXbb5jIAKg==",
      "dependencies": {
        "core-js": "^3.6.5",
        "echarts": "^4.9.0",
        "lodash": "^4.17.20",
        "resize-detector": "^0.2.2",
        "vue": "^2.6.11"
      }
    },
    "node_modules/@guoqzuo/vue-chart/node_modules/echarts": {
      "version": "4.9.0",
      "resolved": "https://registry.npmjs.org/echarts/-/echarts-4.9.0.tgz",
      "integrity": "sha512-+ugizgtJ+KmsJyyDPxaw2Br5FqzuBnyOWwcxPKO6y0gc5caYcfnEUIlNStx02necw8jmKmTafmpHhGo4XDtEIA==",
      "dependencies": {
        "zrender": "4.3.2"
      }
    },
    "node_modules/@guoqzuo/vue-chart/node_modules/zrender": {
      "version": "4.3.2",
      "resolved": "https://registry.npmjs.org/zrender/-/zrender-4.3.2.tgz",
      "integrity": "sha512-bIusJLS8c4DkIcdiK+s13HiQ/zjQQVgpNohtd8d94Y2DnJqgM1yjh/jpDb8DoL6hd7r8Awagw8e3qK/oLaWr3g=="
    },
    "node_modules/@vue/compiler-sfc": {
      "version": "2.7.14",
      "resolved": "https://registry.npmjs.org/@vue/compiler-sfc/-/compiler-sfc-2.7.14.tgz",
      "integrity": "sha512-aNmNHyLPsw+sVvlQFQ2/8sjNuLtK54TC6cuKnVzAY93ks4ZBrvwQSnkkIh7bsbNhum5hJBS00wSDipQ937f5DA==",
      "dependencies": {
        "@babel/parser": "^7.18.4",
        "postcss": "^8.4.14",
        "source-map": "^0.6.1"
      }
    },
    "node_modules/core-js": {
      "version": "3.32.1",
      "resolved": "https://registry.npmjs.org/core-js/-/core-js-3.32.1.tgz",
      "integrity": "sha512-lqufgNn9NLnESg5mQeYsxQP5w7wrViSj0jr/kv6ECQiByzQkrn1MKvV0L3acttpDqfQrHLwr2KCMgX5b8X+lyQ==",
      "hasInstallScript": true,
      "funding": {
        "type": "opencollective",
        "url": "https://opencollective.com/core-js"
      }
    },
    "node_modules/csstype": {
      "version": "3.1.2",
      "resolved": "https://registry.npmjs.org/csstype/-/csstype-3.1.2.tgz",
      "integrity": "sha512-I7K1Uu0MBPzaFKg4nI5Q7Vs2t+3gWWW648spaF+Rg7pI9ds18Ugn+lvg4SHczUdKlHI5LWBXyqfS8+DufyBsgQ=="
    },
    "node_modules/echarts": {
      "version": "5.4.3",
      "resolved": "https://registry.npmjs.org/echarts/-/echarts-5.4.3.tgz",
      "integrity": "sha512-mYKxLxhzy6zyTi/FaEbJMOZU1ULGEQHaeIeuMR5L+JnJTpz+YR03mnnpBhbR4+UYJAgiXgpyTVLffPAjOTLkZA==",
      "dependencies": {
        "tslib": "2.3.0",
        "zrender": "5.4.4"
      }
    },
    "node_modules/lodash": {
      "version": "4.17.21",
      "resolved": "https://registry.npmjs.org/lodash/-/lodash-4.17.21.tgz",
      "integrity": "sha512-v2kDEe57lecTulaDIuNTPy3Ry4gLGJ6Z1O3vE1krgXZNrsQ+LFTGHVxVjcXPs17LhbZVGedAJv8XZ1tvj5FvSg=="
    },
    "node_modules/nanoid": {
      "version": "3.3.6",
      "resolved": "https://registry.npmjs.org/nanoid/-/nanoid-3.3.6.tgz",
      "integrity": "sha512-BGcqMMJuToF7i1rt+2PWSNVnWIkGCU78jBG3RxO/bZlnZPK2Cmi2QaffxGO/2RvWi9sL+FAiRiXMgsyxQ1DIDA==",
      "funding": [
        {
          "type": "github",
          "url": "https://github.com/sponsors/ai"
        }
      ],
      "bin": {
        "nanoid": "bin/nanoid.cjs"
      },
      "engines": {
        "node": "^10 || ^12 || ^13.7 || ^14 || >=15.0.1"
      }
    },
    "node_modules/picocolors": {
      "version": "1.0.0",
      "resolved": "https://registry.npmjs.org/picocolors/-/picocolors-1.0.0.tgz",
      "integrity": "sha512-1fygroTLlHu66zi26VoTDv8yRgm0Fccecssto+MhsZ0D/DGW2sm8E8AjW7NU5VVTRt5GxbeZ5qBuJr+HyLYkjQ=="
    },
    "node_modules/postcss": {
      "version": "8.4.28",
      "resolved": "https://registry.npmjs.org/postcss/-/postcss-8.4.28.tgz",
      "integrity": "sha512-Z7V5j0cq8oEKyejIKfpD8b4eBy9cwW2JWPk0+fB1HOAMsfHbnAXLLS+PfVWlzMSLQaWttKDt607I0XHmpE67Vw==",
      "funding": [
        {
          "type": "opencollective",
          "url": "https://opencollective.com/postcss/"
        },
        {
          "type": "tidelift",
          "url": "https://tidelift.com/funding/github/npm/postcss"
        },
        {
          "type": "github",
          "url": "https://github.com/sponsors/ai"
        }
      ],
      "dependencies": {
        "nanoid": "^3.3.6",
        "picocolors": "^1.0.0",
        "source-map-js": "^1.0.2"
      },
      "engines": {
        "node": "^10 || ^12 || >=14"
      }
    },
    "node_modules/resize-detector": {
      "version": "0.2.2",
      "resolved": "https://registry.npmjs.org/resize-detector/-/resize-detector-0.2.2.tgz",
      "integrity": "sha512-X07ADfFqXoyfbx4/PSzr7EBF9e/RwrcS9UoPBMbau11agg5uad39ysMmXFCu0o5C3hhKbs0X/cSl85OwPIpZLQ=="
    },
    "node_modules/source-map": {
      "version": "0.6.1",
      "resolved": "https://registry.npmjs.org/source-map/-/source-map-0.6.1.tgz",
      "integrity": "sha512-UjgapumWlbMhkBgzT7Ykc5YXUT46F0iKu8SGXq0bcwP5dz/h0Plj6enJqjz1Zbq2l5WaqYnrVbwWOWMyF3F47g==",
      "engines": {
        "node": ">=0.10.0"
      }
    },
    "node_modules/source-map-js": {
      "version": "1.0.2",
      "resolved": "https://registry.npmjs.org/source-map-js/-/source-map-js-1.0.2.tgz",
      "integrity": "sha512-R0XvVJ9WusLiqTCEiGCmICCMplcCkIwwR11mOSD9CR5u+IXYdiseeEuXCVAjS54zqwkLcPNnmU4OeJ6tUrWhDw==",
      "engines": {
        "node": ">=0.10.0"
      }
    },
    "node_modules/tslib": {
      "version": "2.3.0",
      "resolved": "https://registry.npmjs.org/tslib/-/tslib-2.3.0.tgz",
      "integrity": "sha512-N82ooyxVNm6h1riLCoyS9e3fuJ3AMG2zIZs2Gd1ATcSFjSA23Q0fzjjZeh0jbJvWVDZ0cJT8yaNNaaXHzueNjg=="
    },
    "node_modules/vue": {
      "version": "2.7.14",
      "resolved": "https://registry.npmjs.org/vue/-/vue-2.7.14.tgz",
      "integrity": "sha512-b2qkFyOM0kwqWFuQmgd4o+uHGU7T+2z3T+WQp8UBjADfEv2n4FEMffzBmCKNP0IGzOEEfYjvtcC62xaSKeQDrQ==",
      "dependencies": {
        "@vue/compiler-sfc": "2.7.14",
        "csstype": "^3.1.0"
      }
    },
    "node_modules/zrender": {
      "version": "5.4.4",
      "resolved": "https://registry.npmjs.org/zrender/-/zrender-5.4.4.tgz",
      "integrity": "sha512-0VxCNJ7AGOMCWeHVyTrGzUgrK4asT4ml9PEkeGirAkKNYXYzoPJCLvmyfdoOXcjTHPs10OZVMfD1Rwg16AZyYw==",
      "dependencies": {
        "tslib": "2.3.0"
      }
    }
  },
  "dependencies": {
    "@babel/parser": {
      "version": "7.22.11",
      "resolved": "https://registry.npmjs.org/@babel/parser/-/parser-7.22.11.tgz",
      "integrity": "sha512-R5zb8eJIBPJriQtbH/htEQy4k7E2dHWlD2Y2VT07JCzwYZHBxV5ZYtM0UhXSNMT74LyxuM+b1jdL7pSesXbC/g=="
    },
    "@guoqzuo/vue-chart": {
      "version": "0.1.6",
      "resolved": "https://registry.npmjs.org/@guoqzuo/vue-chart/-/vue-chart-0.1.6.tgz",
      "integrity": "sha512-9OzjuSz/sZB226x8GweaLgueExLBf2cNVUaryPnh/Gr3U47ClUH17ygKvKPF6QKxV+RLUIAR5FalvXbb5jIAKg==",
      "requires": {
        "core-js": "^3.6.5",
        "echarts": "^4.9.0",
        "lodash": "^4.17.20",
        "resize-detector": "^0.2.2",
        "vue": "^2.6.11"
      },
      "dependencies": {
        "echarts": {
          "version": "4.9.0",
          "resolved": "https://registry.npmjs.org/echarts/-/echarts-4.9.0.tgz",
          "integrity": "sha512-+ugizgtJ+KmsJyyDPxaw2Br5FqzuBnyOWwcxPKO6y0gc5caYcfnEUIlNStx02necw8jmKmTafmpHhGo4XDtEIA==",
          "requires": {
            "zrender": "4.3.2"
          }
        },
        "zrender": {
          "version": "4.3.2",
          "resolved": "https://registry.npmjs.org/zrender/-/zrender-4.3.2.tgz",
          "integrity": "sha512-bIusJLS8c4DkIcdiK+s13HiQ/zjQQVgpNohtd8d94Y2DnJqgM1yjh/jpDb8DoL6hd7r8Awagw8e3qK/oLaWr3g=="
        }
      }
    },
    "@vue/compiler-sfc": {
      "version": "2.7.14",
      "resolved": "https://registry.npmjs.org/@vue/compiler-sfc/-/compiler-sfc-2.7.14.tgz",
      "integrity": "sha512-aNmNHyLPsw+sVvlQFQ2/8sjNuLtK54TC6cuKnVzAY93ks4ZBrvwQSnkkIh7bsbNhum5hJBS00wSDipQ937f5DA==",
      "requires": {
        "@babel/parser": "^7.18.4",
        "postcss": "^8.4.14",
        "source-map": "^0.6.1"
      }
    },
    "core-js": {
      "version": "3.32.1",
      "resolved": "https://registry.npmjs.org/core-js/-/core-js-3.32.1.tgz",
      "integrity": "sha512-lqufgNn9NLnESg5mQeYsxQP5w7wrViSj0jr/kv6ECQiByzQkrn1MKvV0L3acttpDqfQrHLwr2KCMgX5b8X+lyQ=="
    },
    "csstype": {
      "version": "3.1.2",
      "resolved": "https://registry.npmjs.org/csstype/-/csstype-3.1.2.tgz",
      "integrity": "sha512-I7K1Uu0MBPzaFKg4nI5Q7Vs2t+3gWWW648spaF+Rg7pI9ds18Ugn+lvg4SHczUdKlHI5LWBXyqfS8+DufyBsgQ=="
    },
    "echarts": {
      "version": "5.4.3",
      "resolved": "https://registry.npmjs.org/echarts/-/echarts-5.4.3.tgz",
      "integrity": "sha512-mYKxLxhzy6zyTi/FaEbJMOZU1ULGEQHaeIeuMR5L+JnJTpz+YR03mnnpBhbR4+UYJAgiXgpyTVLffPAjOTLkZA==",
      "requires": {
        "tslib": "2.3.0",
        "zrender": "5.4.4"
      }
    },
    "lodash": {
      "version": "4.17.21",
      "resolved": "https://registry.npmjs.org/lodash/-/lodash-4.17.21.tgz",
      "integrity": "sha512-v2kDEe57lecTulaDIuNTPy3Ry4gLGJ6Z1O3vE1krgXZNrsQ+LFTGHVxVjcXPs17LhbZVGedAJv8XZ1tvj5FvSg=="
    },
    "nanoid": {
      "version": "3.3.6",
      "resolved": "https://registry.npmjs.org/nanoid/-/nanoid-3.3.6.tgz",
      "integrity": "sha512-BGcqMMJuToF7i1rt+2PWSNVnWIkGCU78jBG3RxO/bZlnZPK2Cmi2QaffxGO/2RvWi9sL+FAiRiXMgsyxQ1DIDA=="
    },
    "picocolors": {
      "version": "1.0.0",
      "resolved": "https://registry.npmjs.org/picocolors/-/picocolors-1.0.0.tgz",
      "integrity": "sha512-1fygroTLlHu66zi26VoTDv8yRgm0Fccecssto+MhsZ0D/DGW2sm8E8AjW7NU5VVTRt5GxbeZ5qBuJr+HyLYkjQ=="
    },
    "postcss": {
      "version": "8.4.28",
      "resolved": "https://registry.npmjs.org/postcss/-/postcss-8.4.28.tgz",
      "integrity": "sha512-Z7V5j0cq8oEKyejIKfpD8b4eBy9cwW2JWPk0+fB1HOAMsfHbnAXLLS+PfVWlzMSLQaWttKDt607I0XHmpE67Vw==",
      "requires": {
        "nanoid": "^3.3.6",
        "picocolors": "^1.0.0",
        "source-map-js": "^1.0.2"
      }
    },
    "resize-detector": {
      "version": "0.2.2",
      "resolved": "https://registry.npmjs.org/resize-detector/-/resize-detector-0.2.2.tgz",
      "integrity": "sha512-X07ADfFqXoyfbx4/PSzr7EBF9e/RwrcS9UoPBMbau11agg5uad39ysMmXFCu0o5C3hhKbs0X/cSl85OwPIpZLQ=="
    },
    "source-map": {
      "version": "0.6.1",
      "resolved": "https://registry.npmjs.org/source-map/-/source-map-0.6.1.tgz",
      "integrity": "sha512-UjgapumWlbMhkBgzT7Ykc5YXUT46F0iKu8SGXq0bcwP5dz/h0Plj6enJqjz1Zbq2l5WaqYnrVbwWOWMyF3F47g=="
    },
    "source-map-js": {
      "version": "1.0.2",
      "resolved": "https://registry.npmjs.org/source-map-js/-/source-map-js-1.0.2.tgz",
      "integrity": "sha512-R0XvVJ9WusLiqTCEiGCmICCMplcCkIwwR11mOSD9CR5u+IXYdiseeEuXCVAjS54zqwkLcPNnmU4OeJ6tUrWhDw=="
    },
    "tslib": {
      "version": "2.3.0",
      "resolved": "https://registry.npmjs.org/tslib/-/tslib-2.3.0.tgz",
      "integrity": "sha512-N82ooyxVNm6h1riLCoyS9e3fuJ3AMG2zIZs2Gd1ATcSFjSA23Q0fzjjZeh0jbJvWVDZ0cJT8yaNNaaXHzueNjg=="
    },
    "vue": {
      "version": "2.7.14",
      "resolved": "https://registry.npmjs.org/vue/-/vue-2.7.14.tgz",
      "integrity": "sha512-b2qkFyOM0kwqWFuQmgd4o+uHGU7T+2z3T+WQp8UBjADfEv2n4FEMffzBmCKNP0IGzOEEfYjvtcC62xaSKeQDrQ==",
      "requires": {
        "@vue/compiler-sfc": "2.7.14",
        "csstype": "^3.1.0"
      }
    },
    "zrender": {
      "version": "5.4.4",
      "resolved": "https://registry.npmjs.org/zrender/-/zrender-5.4.4.tgz",
      "integrity": "sha512-0VxCNJ7AGOMCWeHVyTrGzUgrK4asT4ml9PEkeGirAkKNYXYzoPJCLvmyfdoOXcjTHPs10OZVMfD1Rwg16AZyYw==",
      "requires": {
        "tslib": "2.3.0"
      }
    }
  }
}
